
Microsoft Visual Studio Solution File, Format Version 12.00
# Visual Studio 2015
Project("{FAE04EC0-301F-11D3-BF4B-00C04F79EFBC}") = "PrisonGame.CSharp.Plugins", "PrisonGame.CSharp.Plugins.csproj", "{DDD330A0-0D90-42ED-9132-AC9B0D7CA34B}"
EndProject
Project("{FAE04EC0-301F-11D3-BF4B-00C04F79EFBC}") = "PrisonGame.CSharp", "PrisonGame.CSharp.csproj", "{7A20D95E-C506-C7C0-4981-A8017B08D102}"
EndProject
Project("{FAE04EC0-301F-11D3-BF4B-00C04F79EFBC}") = "PrisonGame.CSharp.Editor", "PrisonGame.CSharp.Editor.csproj", "{87A124D5-93D6-C634-0707-496E090BF99B}"
EndProject
Global
	GlobalSection(SolutionConfigurationPlatforms) = preSolution
		Debug|Any CPU = Debug|Any CPU
		Release|Any CPU = Release|Any CPU
	EndGlobalSection
	GlobalSection(ProjectConfigurationPlatforms) = postSolution
		{DDD330A0-0D90-42ED-9132-AC9B0D7CA34B}.Debug|Any CPU.ActiveCfg = Debug|Any CPU
		{DDD330A0-0D90-42ED-9132-AC9B0D7CA34B}.Debug|Any CPU.Build.0 = Debug|Any CPU
		{DDD330A0-0D90-42ED-9132-AC9B0D7CA34B}.Release|Any CPU.ActiveCfg = Release|Any CPU
		{DDD330A0-0D90-42ED-9132-AC9B0D7CA34B}.Release|Any CPU.Build.0 = Release|Any CPU
		{7A20D95E-C506-C7C0-4981-A8017B08D102}.Debug|Any CPU.ActiveCfg = Debug|Any CPU
		{7A20D95E-C506-C7C0-4981-A8017B08D102}.Debug|Any CPU.Build.0 = Debug|Any CPU
		{7A20D95E-C506-C7C0-4981-A8017B08D102}.Release|Any CPU.ActiveCfg = Release|Any CPU
		{7A20D95E-C506-C7C0-4981-A8017B08D102}.Release|Any CPU.Build.0 = Release|Any CPU
		{87A124D5-93D6-C634-0707-496E090BF99B}.Debug|Any CPU.ActiveCfg = Debug|Any CPU
		{87A124D5-93D6-C634-0707-496E090BF99B}.Debug|Any CPU.Build.0 = Debug|Any CPU
		{87A124D5-93D6-C634-0707-496E090BF99B}.Release|Any CPU.ActiveCfg = Release|Any CPU
		{87A124D5-93D6-C634-0707-496E090BF99B}.Release|Any CPU.Build.0 = Release|Any CPU
	EndGlobalSection
	GlobalSection(SolutionProperties) = preSolution
		HideSolutionNode = FALSE
	EndGlobalSection
EndGlobal
